
Microsoft Visual Studio Solution File, Format Version 12.00
# Visual Studio Version 16
VisualStudioVersion = 16.0.31402.337
MinimumVisualStudioVersion = 10.0.40219.1
Project("{9A19103F-16F7-4668-BE54-9A1E7A4F7556}") = "Tennis-Open-Data-Standards", "src\Tennis-Open-Data-Standards\Tennis-Open-Data-Standards.csproj", "{C21EA578-C8B8-4E4A-BC07-BD973E1AECA3}"
EndProject
Project("{2150E333-8FDC-42A3-9474-1A3956D46DE8}") = "src", "src", "{EB86E82C-C76A-4828-90AA-AB9D1415989D}"
EndProject
Global
	GlobalSection(SolutionConfigurationPlatforms) = preSolution
		Debug|Any CPU = Debug|Any CPU
		Release|Any CPU = Release|Any CPU
	EndGlobalSection
	GlobalSection(ProjectConfigurationPlatforms) = postSolution
		{C21EA578-C8B8-4E4A-BC07-BD973E1AECA3}.Debug|Any CPU.ActiveCfg = Debug|Any CPU
		{C21EA578-C8B8-4E4A-BC07-BD973E1AECA3}.Debug|Any CPU.Build.0 = Debug|Any CPU
		{C21EA578-C8B8-4E4A-BC07-BD973E1AECA3}.Release|Any CPU.ActiveCfg = Release|Any CPU
		{C21EA578-C8B8-4E4A-BC07-BD973E1AECA3}.Release|Any CPU.Build.0 = Release|Any CPU
	EndGlobalSection
	GlobalSection(SolutionProperties) = preSolution
		HideSolutionNode = FALSE
	EndGlobalSection
	GlobalSection(NestedProjects) = preSolution
		{C21EA578-C8B8-4E4A-BC07-BD973E1AECA3} = {EB86E82C-C76A-4828-90AA-AB9D1415989D}
	EndGlobalSection
	GlobalSection(ExtensibilityGlobals) = postSolution
		SolutionGuid = {6C5456EA-2C1D-40FF-8C64-3B0BC554D124}
	EndGlobalSection
EndGlobal
